
Microsoft Visual Studio Solution File, Format Version 12.00
# Visual Studio Version 17
VisualStudioVersion = 17.3.32929.385
MinimumVisualStudioVersion = 10.0.40219.1
Project("{8BC9CEB8-8B4A-11D0-8D11-00A0C91BC942}") = "GameEngine", "Project1\Project1.vcxproj", "{09825EF5-2198-414B-9CA9-0B1BE3C1E8EC}"
EndProject
Project("{8BC9CEB8-8B4A-11D0-8D11-00A0C91BC942}") = "GameGraphics", "GameGraphics\GameGraphics.vcxproj", "{3FEFB1E6-42B9-46CA-9C46-9103C041A750}"
EndProject
Project("{8BC9CEB8-8B4A-11D0-8D11-00A0C91BC942}") = "TestApplication", "TestApplication\TestApplication.vcxproj", "{BB2BDC06-203D-455A-9F8C-E6ED10C1DF32}"
EndProject
Project("{8BC9CEB8-8B4A-11D0-8D11-00A0C91BC942}") = "GamePhysics", "GamePhysics\GamePhysics.vcxproj", "{69020819-A53A-4890-9202-E4A7A10DDFAC}"
EndProject
Global
	GlobalSection(SolutionConfigurationPlatforms) = preSolution
		Debug|x64 = Debug|x64
		Debug|x86 = Debug|x86
		Release|x64 = Release|x64
		Release|x86 = Release|x86
	EndGlobalSection
	GlobalSection(ProjectConfigurationPlatforms) = postSolution
		{09825EF5-2198-414B-9CA9-0B1BE3C1E8EC}.Debug|x64.ActiveCfg = Debug|x64
		{09825EF5-2198-414B-9CA9-0B1BE3C1E8EC}.Debug|x64.Build.0 = Debug|x64
		{09825EF5-2198-414B-9CA9-0B1BE3C1E8EC}.Debug|x86.ActiveCfg = Debug|Win32
		{09825EF5-2198-414B-9CA9-0B1BE3C1E8EC}.Debug|x86.Build.0 = Debug|Win32
		{09825EF5-2198-414B-9CA9-0B1BE3C1E8EC}.Release|x64.ActiveCfg = Release|x64
		{09825EF5-2198-414B-9CA9-0B1BE3C1E8EC}.Release|x64.Build.0 = Release|x64
		{09825EF5-2198-414B-9CA9-0B1BE3C1E8EC}.Release|x86.ActiveCfg = Release|Win32
		{09825EF5-2198-414B-9CA9-0B1BE3C1E8EC}.Release|x86.Build.0 = Release|Win32
		{3FEFB1E6-42B9-46CA-9C46-9103C041A750}.Debug|x64.ActiveCfg = Debug|x64
		{3FEFB1E6-42B9-46CA-9C46-9103C041A750}.Debug|x64.Build.0 = Debug|x64
		{3FEFB1E6-42B9-46CA-9C46-9103C041A750}.Debug|x86.ActiveCfg = Debug|Win32
		{3FEFB1E6-42B9-46CA-9C46-9103C041A750}.Debug|x86.Build.0 = Debug|Win32
		{3FEFB1E6-42B9-46CA-9C46-9103C041A750}.Release|x64.ActiveCfg = Release|x64
		{3FEFB1E6-42B9-46CA-9C46-9103C041A750}.Release|x64.Build.0 = Release|x64
		{3FEFB1E6-42B9-46CA-9C46-9103C041A750}.Release|x86.ActiveCfg = Release|Win32
		{3FEFB1E6-42B9-46CA-9C46-9103C041A750}.Release|x86.Build.0 = Release|Win32
		{BB2BDC06-203D-455A-9F8C-E6ED10C1DF32}.Debug|x64.ActiveCfg = Debug|x64
		{BB2BDC06-203D-455A-9F8C-E6ED10C1DF32}.Debug|x64.Build.0 = Debug|x64
		{BB2BDC06-203D-455A-9F8C-E6ED10C1DF32}.Debug|x86.ActiveCfg = Debug|Win32
		{BB2BDC06-203D-455A-9F8C-E6ED10C1DF32}.Debug|x86.Build.0 = Debug|Win32
		{BB2BDC06-203D-455A-9F8C-E6ED10C1DF32}.Release|x64.ActiveCfg = Release|x64
		{BB2BDC06-203D-455A-9F8C-E6ED10C1DF32}.Release|x64.Build.0 = Release|x64
		{BB2BDC06-203D-455A-9F8C-E6ED10C1DF32}.Release|x86.ActiveCfg = Release|Win32
		{BB2BDC06-203D-455A-9F8C-E6ED10C1DF32}.Release|x86.Build.0 = Release|Win32
		{69020819-A53A-4890-9202-E4A7A10DDFAC}.Debug|x64.ActiveCfg = Debug|x64
		{69020819-A53A-4890-9202-E4A7A10DDFAC}.Debug|x64.Build.0 = Debug|x64
		{69020819-A53A-4890-9202-E4A7A10DDFAC}.Debug|x86.ActiveCfg = Debug|Win32
		{69020819-A53A-4890-9202-E4A7A10DDFAC}.Debug|x86.Build.0 = Debug|Win32
		{69020819-A53A-4890-9202-E4A7A10DDFAC}.Release|x64.ActiveCfg = Release|x64
		{69020819-A53A-4890-9202-E4A7A10DDFAC}.Release|x64.Build.0 = Release|x64
		{69020819-A53A-4890-9202-E4A7A10DDFAC}.Release|x86.ActiveCfg = Release|Win32
		{69020819-A53A-4890-9202-E4A7A10DDFAC}.Release|x86.Build.0 = Release|Win32
	EndGlobalSection
	GlobalSection(SolutionProperties) = preSolution
		HideSolutionNode = FALSE
	EndGlobalSection
	GlobalSection(ExtensibilityGlobals) = postSolution
		SolutionGuid = {E62ACE15-78A1-423B-9928-80D656F05DA0}
	EndGlobalSection
EndGlobal
